<?xml version="1.0" encoding="utf-8"?>
<Project ToolsVersion="4.0" xmlns="http://schemas.microsoft.com/developer/msbuild/2003">
  <ItemGroup>
    <Filter Include="Source Files">
      <UniqueIdentifier>{4FC737F1-C7A5-4376-A066-2A32D752A2FF}</UniqueIdentifier>
      <Extensions>cpp;c;cc;cxx;def;odl;idl;hpj;bat;asm;asmx</Extensions>
    </Filter>
    <Filter Include="Header Files">
      <UniqueIdentifier>{93995380-89BD-4b04-88EB-625FBE52EBFB}</UniqueIdentifier>
      <Extensions>h;hh;hpp;hxx;hm;inl;inc;xsd</Extensions>
    </Filter>
    <Filter Include="Resource Files">
      <UniqueIdentifier>{67DA6AB6-F800-4c08-8B7A-83BB121AAD01}</UniqueIdentifier>
      <Extensions>rc;ico;cur;bmp;dlg;rc2;rct;bin;rgs;gif;jpg;jpeg;jpe;resx;tiff;tif;png;wav;mfcribbon-ms</Extensions>
    </Filter>
  </ItemGroup>
  <ItemGroup>
    <ClCompile Include="main.cpp">
      <Filter>Source Files</Filter>
    </ClCompile>
    <ClCompile Include="utilities\factory\barSizeFactory\barSizeFactory.cpp">
      <Filter>Source Files</Filter>
    </ClCompile>
    <ClCompile Include="utilities\factory\dataTypeFactory\dataTypeFactory.cpp">
      <Filter>Source Files</Filter>
    </ClCompile>
    <ClCompile Include="utilities\factory\dataDurationFactory\dataDurationFactory.cpp">
      <Filter>Source Files</Filter>
    </ClCompile>
    <ClCompile Include="functions\historicalRequest\historicalRequest.cpp">
      <Filter>Source Files</Filter>
    </ClCompile>
    <ClCompile Include="functions\staticDataRequest\staticDataRequest.cpp">
      <Filter>Source Files</Filter>
    </ClCompile>
    <ClCompile Include="recordset\tableContractRecordset\tableContractRecordset.cpp">
      <Filter>Source Files</Filter>
    </ClCompile>
    <ClCompile Include="recordset\tableHistoricalBarRecordset\tableHistoricalBarRecordset.cpp">
      <Filter>Source Files</Filter>
    </ClCompile>
    <ClCompile Include="utilities\conversion\convertDateTime\convertDateTime.cpp">
      <Filter>Source Files</Filter>
    </ClCompile>
    <ClCompile Include="utilities\idGenerator\idGenerator.cpp">
      <Filter>Source Files</Filter>
    </ClCompile>
    <ClCompile Include="EWrapper\staticDataRequestClient\staticDataRequestClient.cpp">
      <Filter>Source Files</Filter>
    </ClCompile>
    <ClCompile Include="EWrapper\historicalRequestClient\historicalRequestClient.cpp">
      <Filter>Source Files</Filter>
    </ClCompile>
    <ClCompile Include="functions\multiThreading\multiThreading.cpp">
      <Filter>Source Files</Filter>
    </ClCompile>
    <ClCompile Include="functions\simpleStrategy\simpleStrategy.cpp">
      <Filter>Source Files</Filter>
    </ClCompile>
    <ClCompile Include="utilities\settings.cpp">
      <Filter>Source Files</Filter>
    </ClCompile>
    <ClCompile Include="utilities\logger\logger.cpp">
      <Filter>Source Files</Filter>
    </ClCompile>
  </ItemGroup>
  <ItemGroup>
    <ClInclude Include="utilities\factory\barSizeFactory\barSizeFactory.hpp">
      <Filter>Header Files</Filter>
    </ClInclude>
    <ClInclude Include="utilities\type\barSize.hpp">
      <Filter>Header Files</Filter>
    </ClInclude>
    <ClInclude Include="utilities\factory\barSizeFactory\register_barSize.hpp">
      <Filter>Header Files</Filter>
    </ClInclude>
    <ClInclude Include="utilities\factory\registerAll.hpp">
      <Filter>Header Files</Filter>
    </ClInclude>
    <ClInclude Include="utilities\type\dataType.hpp">
      <Filter>Header Files</Filter>
    </ClInclude>
    <ClInclude Include="utilities\factory\dataTypeFactory\dataTypeFactory.hpp">
      <Filter>Header Files</Filter>
    </ClInclude>
    <ClInclude Include="utilities\factory\dataTypeFactory\register_dataType.hpp">
      <Filter>Header Files</Filter>
    </ClInclude>
    <ClInclude Include="utilities\type\dataDuration.hpp">
      <Filter>Header Files</Filter>
    </ClInclude>
    <ClInclude Include="utilities\factory\dataDurationFactory\dataDurationFactory.hpp">
      <Filter>Header Files</Filter>
    </ClInclude>
    <ClInclude Include="utilities\factory\dataDurationFactory\register_dataDuration.hpp">
      <Filter>Header Files</Filter>
    </ClInclude>
    <ClInclude Include="utilities\type\all.hpp">
      <Filter>Header Files</Filter>
    </ClInclude>
    <ClInclude Include="utilities\settings.hpp">
      <Filter>Header Files</Filter>
    </ClInclude>
    <ClInclude Include="functions\historicalRequest\historicalRequest.hpp">
      <Filter>Header Files</Filter>
    </ClInclude>
    <ClInclude Include="functions\staticDataRequest\staticDataRequest.hpp">
      <Filter>Header Files</Filter>
    </ClInclude>
    <ClInclude Include="utilities\define.hpp">
      <Filter>Header Files</Filter>
    </ClInclude>
    <ClInclude Include="recordset\tableContractRecordset\tableContractRecordset.hpp">
      <Filter>Header Files</Filter>
    </ClInclude>
    <ClInclude Include="recordset\recordset.hpp">
      <Filter>Header Files</Filter>
    </ClInclude>
    <ClInclude Include="recordset\tableHistoricalBarRecordset\tableHistoricalBarRecordset.hpp">
      <Filter>Header Files</Filter>
    </ClInclude>
    <ClInclude Include="utilities\conversion\convertDateTime\convertDateTime.hpp">
      <Filter>Header Files</Filter>
    </ClInclude>
    <ClInclude Include="utilities\idGenerator\idGenerator.hpp">
      <Filter>Header Files</Filter>
    </ClInclude>
    <ClInclude Include="EWrapper\staticDataRequestClient\staticDataRequestClient.hpp">
      <Filter>Header Files</Filter>
    </ClInclude>
    <ClInclude Include="EWrapper\historicalRequestClient\historicalRequestClient.hpp">
      <Filter>Header Files</Filter>
    </ClInclude>
    <ClInclude Include="functions\multiThreading\multiThreading.hpp">
      <Filter>Header Files</Filter>
    </ClInclude>
    <ClInclude Include="functions\simpleStrategy\simpleStrategy.hpp">
      <Filter>Header Files</Filter>
    </ClInclude>
    <ClInclude Include="utilities\logger\logger.hpp">
      <Filter>Header Files</Filter>
    </ClInclude>
  </ItemGroup>
</Project>